
Microsoft Visual Studio Solution File, Format Version 12.00
# Visual Studio Version 17
VisualStudioVersion = 17.7.33913.275
MinimumVisualStudioVersion = 10.0.40219.1
Project("{FAE04EC0-301F-11D3-BF4B-00C04F79EFBC}") = "BulkyWeb", "BulkyWeb\BulkyWeb.csproj", "{C3EA4B78-BE19-4EE3-BC6D-6FE496C62CC5}"
EndProject
Global
	GlobalSection(SolutionConfigurationPlatforms) = preSolution
		Debug|Any CPU = Debug|Any CPU
		Release|Any CPU = Release|Any CPU
	EndGlobalSection
	GlobalSection(ProjectConfigurationPlatforms) = postSolution
		{C3EA4B78-BE19-4EE3-BC6D-6FE496C62CC5}.Debug|Any CPU.ActiveCfg = Debug|Any CPU
		{C3EA4B78-BE19-4EE3-BC6D-6FE496C62CC5}.Debug|Any CPU.Build.0 = Debug|Any CPU
		{C3EA4B78-BE19-4EE3-BC6D-6FE496C62CC5}.Release|Any CPU.ActiveCfg = Release|Any CPU
		{C3EA4B78-BE19-4EE3-BC6D-6FE496C62CC5}.Release|Any CPU.Build.0 = Release|Any CPU
	EndGlobalSection
	GlobalSection(SolutionProperties) = preSolution
		HideSolutionNode = FALSE
	EndGlobalSection
	GlobalSection(ExtensibilityGlobals) = postSolution
		SolutionGuid = {644615B5-1192-461D-964C-06F6AFDB860D}
	EndGlobalSection
EndGlobal
